Microsoft Visual Studio Solution File, Format Version 11.00
# Visual Studio 2008

Project("{3953D0C1-3F76-1A67-8C7B-B54661517A66}") = "15_09_Learning", "Assembly-CSharp.csproj", "{812E563B-D1CC-1647-F947-11C2C25067DE}"
EndProject
Global
	GlobalSection(SolutionConfigurationPlatforms) = preSolution
		Debug|Any CPU = Debug|Any CPU
		Release|Any CPU = Release|Any CPU
	EndGlobalSection
	GlobalSection(ProjectConfigurationPlatforms) = postSolution
		{812E563B-D1CC-1647-F947-11C2C25067DE}.Debug|Any CPU.ActiveCfg = Debug|Any CPU
		{812E563B-D1CC-1647-F947-11C2C25067DE}.Debug|Any CPU.Build.0 = Debug|Any CPU
		{812E563B-D1CC-1647-F947-11C2C25067DE}.Release|Any CPU.ActiveCfg = Release|Any CPU
		{812E563B-D1CC-1647-F947-11C2C25067DE}.Release|Any CPU.Build.0 = Release|Any CPU
	EndGlobalSection
	GlobalSection(SolutionProperties) = preSolution
		HideSolutionNode = FALSE
	EndGlobalSection
													GlobalSection(MonoDevelopProperties) = preSolution
		StartupItem = Assembly-CSharp.csproj
		Policies = $0
		$0.TextStylePolicy = $1
		$1.inheritsSet = null
		$1.scope = text/x-csharp
		$0.CSharpFormattingPolicy = $2
		$2.inheritsSet = Mono
		$2.inheritsScope = text/x-csharp
		$2.scope = text/x-csharp
		$0.TextStylePolicy = $3
		$3.FileWidth = 120
		$3.TabWidth = 4
		$3.IndentWidth = 4
		$3.EolMarker = Unix
		$3.inheritsSet = Mono
		$3.inheritsScope = text/plain
		$3.scope = text/plain
	EndGlobalSection

EndGlobal
